// !$*UTF8*$!
{
	archiveVersion = 1;
	classes = {
	};
	objectVersion = 77;
	objects = {

/* Begin PBXBuildFile section */
		221FABA8C87B231A26A2E860 /* NotificationManager.swift in Sources */ = {isa = PBXBuildFile; fileRef = AD9B581FC5A23A2E43E00B30 /* NotificationManager.swift */; };
		4A41AE1D6BB125BD74909165 /* MyPepTrackerTests.swift in Sources */ = {isa = PBXBuildFile; fileRef = 94DC584CD04CF9002461B159 /* MyPepTrackerTests.swift */; };
		50E371DDDF549F6E11B3B277 /* BodyMapView.swift in Sources */ = {isa = PBXBuildFile; fileRef = 421280E413EB1ACAFE7B40D6 /* BodyMapView.swift */; };
		516A1E080F6C4BB3A9D5A7A3 /* Vial.swift in Sources */ = {isa = PBXBuildFile; fileRef = 9C7FCA9C8C55C0CD522B4FA2 /* Vial.swift */; };
		592F3E6495D5E054F42DA85B /* PeptideCardView.swift in Sources */ = {isa = PBXBuildFile; fileRef = C0B089C108229661247B2648 /* PeptideCardView.swift */; };
		6AA0934573AE3873FD490892 /* MyPepTrackerApp.swift in Sources */ = {isa = PBXBuildFile; fileRef = C0D105B935C290C357603283 /* MyPepTrackerApp.swift */; };
		76CC53D08607C2EE9FE84F71 /* PeptidePreset.swift in Sources */ = {isa = PBXBuildFile; fileRef = C5860419A80D895EE8346617 /* PeptidePreset.swift */; };
		7DC026CCA2877B995C756024 /* NotificationManagerTests.swift in Sources */ = {isa = PBXBuildFile; fileRef = EE67484E9876714CFF5E7D7B /* NotificationManagerTests.swift */; };
		8AFB133CC14757D4EC779450 /* InjectionSite.swift in Sources */ = {isa = PBXBuildFile; fileRef = 079C9A5DE7C9EFC9185156FC /* InjectionSite.swift */; };
		8EE1937E929512441D22B03D /* ScheduleType.swift in Sources */ = {isa = PBXBuildFile; fileRef = 6BADC94D1E8279708FE6C7BA /* ScheduleType.swift */; };
		9C88344974A0B77CC65D7D6D /* LogDoseSheet.swift in Sources */ = {isa = PBXBuildFile; fileRef = 5FDE9B60AC4C6ACE5A793A2B /* LogDoseSheet.swift */; };
		9D99D907DEE9148B66EB0560 /* Peptide.swift in Sources */ = {isa = PBXBuildFile; fileRef = 4F191B29147AD98ABDCA19E9 /* Peptide.swift */; };
		A0BF34117FE818BAFC3FCDD1 /* ReconstitutionSheet.swift in Sources */ = {isa = PBXBuildFile; fileRef = 60ECC4113749F474F47E77A8 /* ReconstitutionSheet.swift */; };
		A13B7D5CDAE4A508176D42FB /* ConcentrationCalculator.swift in Sources */ = {isa = PBXBuildFile; fileRef = 71AA9B61E4EBF37C8CA6F56C /* ConcentrationCalculator.swift */; };
		A40C5B28CD80F4137221F670 /* DoseStepperView.swift in Sources */ = {isa = PBXBuildFile; fileRef = BF431A6421D9AFAEE3A68793 /* DoseStepperView.swift */; };
		A4485427DB57C8357C21E879 /* VialTests.swift in Sources */ = {isa = PBXBuildFile; fileRef = C9440C9FBE8980AEE280E66D /* VialTests.swift */; };
		B31750A11BB1E2F890C845C7 /* PeptideListView.swift in Sources */ = {isa = PBXBuildFile; fileRef = 5E9F57C6589006BF91933039 /* PeptideListView.swift */; };
		B4D288B23DA6200A1D3655E5 /* ContentView.swift in Sources */ = {isa = PBXBuildFile; fileRef = 5F4E0B8EAF0BD0CDFB22ED08 /* ContentView.swift */; };
		B5A462A5D3BA8FD32478E9C8 /* PeptideDetailView.swift in Sources */ = {isa = PBXBuildFile; fileRef = A3D233B90C406D254DF1E697 /* PeptideDetailView.swift */; };
		C0C47889864F61D697921076 /* TodayView.swift in Sources */ = {isa = PBXBuildFile; fileRef = 13E40E4118013F034C6E3E9B /* TodayView.swift */; };
		CC31BCD0BC5CAEA6C18D9A07 /* DoseFrequency.swift in Sources */ = {isa = PBXBuildFile; fileRef = 2C4FD0E2F614AE531BA12F6D /* DoseFrequency.swift */; };
		D1A22F0F79BBC937DB767432 /* AboutView.swift in Sources */ = {isa = PBXBuildFile; fileRef = D34BF1EBB782D2A7D0480080 /* AboutView.swift */; };
		D2AE5F45C97683158DCF5495 /* HistoryView.swift in Sources */ = {isa = PBXBuildFile; fileRef = 201B88F975FD649F6561B5B0 /* HistoryView.swift */; };
		D49F84B241EB4A0420632BD1 /* PeptidePresetTests.swift in Sources */ = {isa = PBXBuildFile; fileRef = 841771287EFD5C384684A851 /* PeptidePresetTests.swift */; };
		E4C7874A2CC3F3E5AB845B27 /* AddPeptideView.swift in Sources */ = {isa = PBXBuildFile; fileRef = 6B5693C9EE963CE69AB7655F /* AddPeptideView.swift */; };
		E5F9E5AAA7392992895FF00A /* ConcentrationCalculatorTests.swift in Sources */ = {isa = PBXBuildFile; fileRef = 3180C14ADE1B1847F2BB2255 /* ConcentrationCalculatorTests.swift */; };
		EBA16E39E38F3E37EC85FBAD /* peptide-presets.json in Resources */ = {isa = PBXBuildFile; fileRef = 98500DAC2C802ACD885CE501 /* peptide-presets.json */; };
		EF5540B861054AA947D84D02 /* DoseEntryRow.swift in Sources */ = {isa = PBXBuildFile; fileRef = 7A64A99CE351AF3776765C91 /* DoseEntryRow.swift */; };
		F4CC0527142D6D8991FCD7F0 /* DoseEntry.swift in Sources */ = {isa = PBXBuildFile; fileRef = DCB5B6EBA083D7B616394EA6 /* DoseEntry.swift */; };
		F6A4B96A3C8F64BA8418DA16 /* SettingsView.swift in Sources */ = {isa = PBXBuildFile; fileRef = EBD21CE0A8F0CD7C7D307769 /* SettingsView.swift */; };
		FD794DFF7B2D88623A83E11B /* AppTheme.swift in Sources */ = {isa = PBXBuildFile; fileRef = 178A306A1886C715EF51B0C8 /* AppTheme.swift */; };
/* End PBXBuildFile section */

/* Begin PBXContainerItemProxy section */
		2CC657A03E25A1F804C8B1BD /* PBXContainerItemProxy */ = {
			isa = PBXContainerItemProxy;
			containerPortal = A5E681A79C578A461902004A /* Project object */;
			proxyType = 1;
			remoteGlobalIDString = 235C243B259E26EDC2409DD5;
			remoteInfo = MyPepTracker;
		};
/* End PBXContainerItemProxy section */

/* Begin PBXFileReference section */
		079C9A5DE7C9EFC9185156FC /* InjectionSite.swift */ = {isa = PBXFileReference; lastKnownFileType = sourcecode.swift; path = InjectionSite.swift; sourceTree = "<group>"; };
		13E40E4118013F034C6E3E9B /* TodayView.swift */ = {isa = PBXFileReference; lastKnownFileType = sourcecode.swift; path = TodayView.swift; sourceTree = "<group>"; };
		178A306A1886C715EF51B0C8 /* AppTheme.swift */ = {isa = PBXFileReference; lastKnownFileType = sourcecode.swift; path = AppTheme.swift; sourceTree = "<group>"; };
		201B88F975FD649F6561B5B0 /* HistoryView.swift */ = {isa = PBXFileReference; lastKnownFileType = sourcecode.swift; path = HistoryView.swift; sourceTree = "<group>"; };
		204E1C4E2FB245D90E7DF24F /* MyPepTrackerTests.xctest */ = {isa = PBXFileReference; includeInIndex = 0; lastKnownFileType = wrapper.cfbundle; path = MyPepTrackerTests.xctest; sourceTree = BUILT_PRODUCTS_DIR; };
		2C4FD0E2F614AE531BA12F6D /* DoseFrequency.swift */ = {isa = PBXFileReference; lastKnownFileType = sourcecode.swift; path = DoseFrequency.swift; sourceTree = "<group>"; };
		3180C14ADE1B1847F2BB2255 /* ConcentrationCalculatorTests.swift */ = {isa = PBXFileReference; lastKnownFileType = sourcecode.swift; path = ConcentrationCalculatorTests.swift; sourceTree = "<group>"; };
		421280E413EB1ACAFE7B40D6 /* BodyMapView.swift */ = {isa = PBXFileReference; lastKnownFileType = sourcecode.swift; path = BodyMapView.swift; sourceTree = "<group>"; };
		482B308AB0857A52C0B902BF /* MyPepTracker.app */ = {isa = PBXFileReference; includeInIndex = 0; lastKnownFileType = wrapper.application; path = MyPepTracker.app; sourceTree = BUILT_PRODUCTS_DIR; };
		4F191B29147AD98ABDCA19E9 /* Peptide.swift */ = {isa = PBXFileReference; lastKnownFileType = sourcecode.swift; path = Peptide.swift; sourceTree = "<group>"; };
		5E9F57C6589006BF91933039 /* PeptideListView.swift */ = {isa = PBXFileReference; lastKnownFileType = sourcecode.swift; path = PeptideListView.swift; sourceTree = "<group>"; };
		5F4E0B8EAF0BD0CDFB22ED08 /* ContentView.swift */ = {isa = PBXFileReference; lastKnownFileType = sourcecode.swift; path = ContentView.swift; sourceTree = "<group>"; };
		5FDE9B60AC4C6ACE5A793A2B /* LogDoseSheet.swift */ = {isa = PBXFileReference; lastKnownFileType = sourcecode.swift; path = LogDoseSheet.swift; sourceTree = "<group>"; };
		60ECC4113749F474F47E77A8 /* ReconstitutionSheet.swift */ = {isa = PBXFileReference; lastKnownFileType = sourcecode.swift; path = ReconstitutionSheet.swift; sourceTree = "<group>"; };
		6B5693C9EE963CE69AB7655F /* AddPeptideView.swift */ = {isa = PBXFileReference; lastKnownFileType = sourcecode.swift; path = AddPeptideView.swift; sourceTree = "<group>"; };
		6BADC94D1E8279708FE6C7BA /* ScheduleType.swift */ = {isa = PBXFileReference; lastKnownFileType = sourcecode.swift; path = ScheduleType.swift; sourceTree = "<group>"; };
		71AA9B61E4EBF37C8CA6F56C /* ConcentrationCalculator.swift */ = {isa = PBXFileReference; lastKnownFileType = sourcecode.swift; path = ConcentrationCalculator.swift; sourceTree = "<group>"; };
		7A64A99CE351AF3776765C91 /* DoseEntryRow.swift */ = {isa = PBXFileReference; lastKnownFileType = sourcecode.swift; path = DoseEntryRow.swift; sourceTree = "<group>"; };
		841771287EFD5C384684A851 /* PeptidePresetTests.swift */ = {isa = PBXFileReference; lastKnownFileType = sourcecode.swift; path = PeptidePresetTests.swift; sourceTree = "<group>"; };
		94DC584CD04CF9002461B159 /* MyPepTrackerTests.swift */ = {isa = PBXFileReference; lastKnownFileType = sourcecode.swift; path = MyPepTrackerTests.swift; sourceTree = "<group>"; };
		98500DAC2C802ACD885CE501 /* peptide-presets.json */ = {isa = PBXFileReference; lastKnownFileType = text.json; path = "peptide-presets.json"; sourceTree = "<group>"; };
		9C7FCA9C8C55C0CD522B4FA2 /* Vial.swift */ = {isa = PBXFileReference; lastKnownFileType = sourcecode.swift; path = Vial.swift; sourceTree = "<group>"; };
		A3D233B90C406D254DF1E697 /* PeptideDetailView.swift */ = {isa = PBXFileReference; lastKnownFileType = sourcecode.swift; path = PeptideDetailView.swift; sourceTree = "<group>"; };
		AD9B581FC5A23A2E43E00B30 /* NotificationManager.swift */ = {isa = PBXFileReference; lastKnownFileType = sourcecode.swift; path = NotificationManager.swift; sourceTree = "<group>"; };
		BF431A6421D9AFAEE3A68793 /* DoseStepperView.swift */ = {isa = PBXFileReference; lastKnownFileType = sourcecode.swift; path = DoseStepperView.swift; sourceTree = "<group>"; };
		C0B089C108229661247B2648 /* PeptideCardView.swift */ = {isa = PBXFileReference; lastKnownFileType = sourcecode.swift; path = PeptideCardView.swift; sourceTree = "<group>"; };
		C0D105B935C290C357603283 /* MyPepTrackerApp.swift */ = {isa = PBXFileReference; lastKnownFileType = sourcecode.swift; path = MyPepTrackerApp.swift; sourceTree = "<group>"; };
		C5860419A80D895EE8346617 /* PeptidePreset.swift */ = {isa = PBXFileReference; lastKnownFileType = sourcecode.swift; path = PeptidePreset.swift; sourceTree = "<group>"; };
		C9440C9FBE8980AEE280E66D /* VialTests.swift */ = {isa = PBXFileReference; lastKnownFileType = sourcecode.swift; path = VialTests.swift; sourceTree = "<group>"; };
		D34BF1EBB782D2A7D0480080 /* AboutView.swift */ = {isa = PBXFileReference; lastKnownFileType = sourcecode.swift; path = AboutView.swift; sourceTree = "<group>"; };
		DCB5B6EBA083D7B616394EA6 /* DoseEntry.swift */ = {isa = PBXFileReference; lastKnownFileType = sourcecode.swift; path = DoseEntry.swift; sourceTree = "<group>"; };
		EBD21CE0A8F0CD7C7D307769 /* SettingsView.swift */ = {isa = PBXFileReference; lastKnownFileType = sourcecode.swift; path = SettingsView.swift; sourceTree = "<group>"; };
		EE67484E9876714CFF5E7D7B /* NotificationManagerTests.swift */ = {isa = PBXFileReference; lastKnownFileType = sourcecode.swift; path = NotificationManagerTests.swift; sourceTree = "<group>"; };
/* End PBXFileReference section */

/* Begin PBXGroup section */
		0356095ABF268082DBEE65FC /* History */ = {
			isa = PBXGroup;
			children = (
				421280E413EB1ACAFE7B40D6 /* BodyMapView.swift */,
				7A64A99CE351AF3776765C91 /* DoseEntryRow.swift */,
				201B88F975FD649F6561B5B0 /* HistoryView.swift */,
			);
			path = History;
			sourceTree = "<group>";
		};
		038F6C9E8389D2D02D1B68A8 /* Views */ = {
			isa = PBXGroup;
			children = (
				F753618ADBFC7A7935A3F182 /* Components */,
				0356095ABF268082DBEE65FC /* History */,
				50C821DB1DBC862935B09BFA /* Peptides */,
				C4851944C85BED85F7867A5F /* Settings */,
				83AFE85FD92154E776E63A2A /* Today */,
			);
			path = Views;
			sourceTree = "<group>";
		};
		0C3E6108779968AF9E0F774F /* MyPepTracker */ = {
			isa = PBXGroup;
			children = (
				5F4E0B8EAF0BD0CDFB22ED08 /* ContentView.swift */,
				C0D105B935C290C357603283 /* MyPepTrackerApp.swift */,
				910F57A38AA1ED3EEF5C9147 /* Models */,
				53EDA413869E78B5977A9CAA /* Resources */,
				0EE0155D504568484FC41BF0 /* Services */,
				409495D2B81A9FDE0C561682 /* Theme */,
				038F6C9E8389D2D02D1B68A8 /* Views */,
			);
			path = MyPepTracker;
			sourceTree = "<group>";
		};
		0EE0155D504568484FC41BF0 /* Services */ = {
			isa = PBXGroup;
			children = (
				71AA9B61E4EBF37C8CA6F56C /* ConcentrationCalculator.swift */,
				AD9B581FC5A23A2E43E00B30 /* NotificationManager.swift */,
			);
			path = Services;
			sourceTree = "<group>";
		};
		409495D2B81A9FDE0C561682 /* Theme */ = {
			isa = PBXGroup;
			children = (
				178A306A1886C715EF51B0C8 /* AppTheme.swift */,
			);
			path = Theme;
			sourceTree = "<group>";
		};
		4F2A35BA2CC8168E4020A216 /* MyPepTrackerTests */ = {
			isa = PBXGroup;
			children = (
				3180C14ADE1B1847F2BB2255 /* ConcentrationCalculatorTests.swift */,
				94DC584CD04CF9002461B159 /* MyPepTrackerTests.swift */,
				EE67484E9876714CFF5E7D7B /* NotificationManagerTests.swift */,
				841771287EFD5C384684A851 /* PeptidePresetTests.swift */,
				C9440C9FBE8980AEE280E66D /* VialTests.swift */,
			);
			path = MyPepTrackerTests;
			sourceTree = "<group>";
		};
		50C821DB1DBC862935B09BFA /* Peptides */ = {
			isa = PBXGroup;
			children = (
				6B5693C9EE963CE69AB7655F /* AddPeptideView.swift */,
				A3D233B90C406D254DF1E697 /* PeptideDetailView.swift */,
				5E9F57C6589006BF91933039 /* PeptideListView.swift */,
				60ECC4113749F474F47E77A8 /* ReconstitutionSheet.swift */,
			);
			path = Peptides;
			sourceTree = "<group>";
		};
		53EDA413869E78B5977A9CAA /* Resources */ = {
			isa = PBXGroup;
			children = (
				98500DAC2C802ACD885CE501 /* peptide-presets.json */,
			);
			path = Resources;
			sourceTree = "<group>";
		};
		64FA592F0139E6381D0C857F /* Products */ = {
			isa = PBXGroup;
			children = (
				482B308AB0857A52C0B902BF /* MyPepTracker.app */,
				204E1C4E2FB245D90E7DF24F /* MyPepTrackerTests.xctest */,
			);
			name = Products;
			sourceTree = "<group>";
		};
		83AFE85FD92154E776E63A2A /* Today */ = {
			isa = PBXGroup;
			children = (
				5FDE9B60AC4C6ACE5A793A2B /* LogDoseSheet.swift */,
				C0B089C108229661247B2648 /* PeptideCardView.swift */,
				13E40E4118013F034C6E3E9B /* TodayView.swift */,
			);
			path = Today;
			sourceTree = "<group>";
		};
		910F57A38AA1ED3EEF5C9147 /* Models */ = {
			isa = PBXGroup;
			children = (
				DCB5B6EBA083D7B616394EA6 /* DoseEntry.swift */,
				2C4FD0E2F614AE531BA12F6D /* DoseFrequency.swift */,
				079C9A5DE7C9EFC9185156FC /* InjectionSite.swift */,
				4F191B29147AD98ABDCA19E9 /* Peptide.swift */,
				C5860419A80D895EE8346617 /* PeptidePreset.swift */,
				6BADC94D1E8279708FE6C7BA /* ScheduleType.swift */,
				9C7FCA9C8C55C0CD522B4FA2 /* Vial.swift */,
			);
			path = Models;
			sourceTree = "<group>";
		};
		C4851944C85BED85F7867A5F /* Settings */ = {
			isa = PBXGroup;
			children = (
				D34BF1EBB782D2A7D0480080 /* AboutView.swift */,
				EBD21CE0A8F0CD7C7D307769 /* SettingsView.swift */,
			);
			path = Settings;
			sourceTree = "<group>";
		};
		F6D27E077DFACED6B5C3F08E = {
			isa = PBXGroup;
			children = (
				0C3E6108779968AF9E0F774F /* MyPepTracker */,
				4F2A35BA2CC8168E4020A216 /* MyPepTrackerTests */,
				64FA592F0139E6381D0C857F /* Products */,
			);
			sourceTree = "<group>";
		};
		F753618ADBFC7A7935A3F182 /* Components */ = {
			isa = PBXGroup;
			children = (
				BF431A6421D9AFAEE3A68793 /* DoseStepperView.swift */,
			);
			path = Components;
			sourceTree = "<group>";
		};
/* End PBXGroup section */

/* Begin PBXNativeTarget section */
		235C243B259E26EDC2409DD5 /* MyPepTracker */ = {
			isa = PBXNativeTarget;
			buildConfigurationList = 8E205F4EE72E52DAFBCD9E4D /* Build configuration list for PBXNativeTarget "MyPepTracker" */;
			buildPhases = (
				A3D7F8920A0F6D333665E74E /* Sources */,
				7A1BD7C5A345DB9D23916F5E /* Resources */,
			);
			buildRules = (
			);
			dependencies = (
			);
			name = MyPepTracker;
			packageProductDependencies = (
			);
			productName = MyPepTracker;
			productReference = 482B308AB0857A52C0B902BF /* MyPepTracker.app */;
			productType = "com.apple.product-type.application";
		};
		F3E6AF2F9F1F59833AC96C27 /* MyPepTrackerTests */ = {
			isa = PBXNativeTarget;
			buildConfigurationList = DF175D83C2933ACC8D14966B /* Build configuration list for PBXNativeTarget "MyPepTrackerTests" */;
			buildPhases = (
				9A2FAFB988DB3185AC88CD32 /* Sources */,
			);
			buildRules = (
			);
			dependencies = (
				DFCF86EAED38227048E0480C /* PBXTargetDependency */,
			);
			name = MyPepTrackerTests;
			packageProductDependencies = (
			);
			productName = MyPepTrackerTests;
			productReference = 204E1C4E2FB245D90E7DF24F /* MyPepTrackerTests.xctest */;
			productType = "com.apple.product-type.bundle.unit-test";
		};
/* End PBXNativeTarget section */

/* Begin PBXProject section */
		A5E681A79C578A461902004A /* Project object */ = {
			isa = PBXProject;
			attributes = {
				BuildIndependentTargetsInParallel = YES;
				LastUpgradeCheck = 1430;
				TargetAttributes = {
					235C243B259E26EDC2409DD5 = {
						DevelopmentTeam = "";
					};
					F3E6AF2F9F1F59833AC96C27 = {
						DevelopmentTeam = "";
					};
				};
			};
			buildConfigurationList = 00218351E8AED6830C885CD5 /* Build configuration list for PBXProject "MyPepTracker" */;
			developmentRegion = en;
			hasScannedForEncodings = 0;
			knownRegions = (
				Base,
				en,
			);
			mainGroup = F6D27E077DFACED6B5C3F08E;
			minimizedProjectReferenceProxies = 1;
			preferredProjectObjectVersion = 77;
			productRefGroup = 64FA592F0139E6381D0C857F /* Products */;
			projectDirPath = "";
			projectRoot = "";
			targets = (
				235C243B259E26EDC2409DD5 /* MyPepTracker */,
				F3E6AF2F9F1F59833AC96C27 /* MyPepTrackerTests */,
			);
		};
/* End PBXProject section */

/* Begin PBXResourcesBuildPhase section */
		7A1BD7C5A345DB9D23916F5E /* Resources */ = {
			isa = PBXResourcesBuildPhase;
			buildActionMask = 2147483647;
			files = (
				EBA16E39E38F3E37EC85FBAD /* peptide-presets.json in Resources */,
			);
			runOnlyForDeploymentPostprocessing = 0;
		};
/* End PBXResourcesBuildPhase section */

/* Begin PBXSourcesBuildPhase section */
		9A2FAFB988DB3185AC88CD32 /* Sources */ = {
			isa = PBXSourcesBuildPhase;
			buildActionMask = 2147483647;
			files = (
				E5F9E5AAA7392992895FF00A /* ConcentrationCalculatorTests.swift in Sources */,
				4A41AE1D6BB125BD74909165 /* MyPepTrackerTests.swift in Sources */,
				7DC026CCA2877B995C756024 /* NotificationManagerTests.swift in Sources */,
				D49F84B241EB4A0420632BD1 /* PeptidePresetTests.swift in Sources */,
				A4485427DB57C8357C21E879 /* VialTests.swift in Sources */,
			);
			runOnlyForDeploymentPostprocessing = 0;
		};
		A3D7F8920A0F6D333665E74E /* Sources */ = {
			isa = PBXSourcesBuildPhase;
			buildActionMask = 2147483647;
			files = (
				D1A22F0F79BBC937DB767432 /* AboutView.swift in Sources */,
				E4C7874A2CC3F3E5AB845B27 /* AddPeptideView.swift in Sources */,
				FD794DFF7B2D88623A83E11B /* AppTheme.swift in Sources */,
				50E371DDDF549F6E11B3B277 /* BodyMapView.swift in Sources */,
				A13B7D5CDAE4A508176D42FB /* ConcentrationCalculator.swift in Sources */,
				B4D288B23DA6200A1D3655E5 /* ContentView.swift in Sources */,
				F4CC0527142D6D8991FCD7F0 /* DoseEntry.swift in Sources */,
				EF5540B861054AA947D84D02 /* DoseEntryRow.swift in Sources */,
				CC31BCD0BC5CAEA6C18D9A07 /* DoseFrequency.swift in Sources */,
				A40C5B28CD80F4137221F670 /* DoseStepperView.swift in Sources */,
				D2AE5F45C97683158DCF5495 /* HistoryView.swift in Sources */,
				8AFB133CC14757D4EC779450 /* InjectionSite.swift in Sources */,
				9C88344974A0B77CC65D7D6D /* LogDoseSheet.swift in Sources */,
				6AA0934573AE3873FD490892 /* MyPepTrackerApp.swift in Sources */,
				221FABA8C87B231A26A2E860 /* NotificationManager.swift in Sources */,
				9D99D907DEE9148B66EB0560 /* Peptide.swift in Sources */,
				592F3E6495D5E054F42DA85B /* PeptideCardView.swift in Sources */,
				B5A462A5D3BA8FD32478E9C8 /* PeptideDetailView.swift in Sources */,
				B31750A11BB1E2F890C845C7 /* PeptideListView.swift in Sources */,
				76CC53D08607C2EE9FE84F71 /* PeptidePreset.swift in Sources */,
				A0BF34117FE818BAFC3FCDD1 /* ReconstitutionSheet.swift in Sources */,
				8EE1937E929512441D22B03D /* ScheduleType.swift in Sources */,
				F6A4B96A3C8F64BA8418DA16 /* SettingsView.swift in Sources */,
				C0C47889864F61D697921076 /* TodayView.swift in Sources */,
				516A1E080F6C4BB3A9D5A7A3 /* Vial.swift in Sources */,
			);
			runOnlyForDeploymentPostprocessing = 0;
		};
/* End PBXSourcesBuildPhase section */

/* Begin PBXTargetDependency section */
		DFCF86EAED38227048E0480C /* PBXTargetDependency */ = {
			isa = PBXTargetDependency;
			target = 235C243B259E26EDC2409DD5 /* MyPepTracker */;
			targetProxy = 2CC657A03E25A1F804C8B1BD /* PBXContainerItemProxy */;
		};
/* End PBXTargetDependency section */

/* Begin XCBuildConfiguration section */
		292CADF7B776C614F75EA116 /* Release */ = {
			isa = XCBuildConfiguration;
			buildSettings = {
				ASSETCATALOG_COMPILER_APPICON_NAME = AppIcon;
				CODE_SIGN_IDENTITY = "iPhone Developer";
				GENERATE_INFOPLIST_FILE = YES;
				INFOPLIST_KEY_CFBundleDisplayName = MyPepTracker;
				INFOPLIST_KEY_UIApplicationSceneManifest_Generation = YES;
				INFOPLIST_KEY_UIApplicationSupportsIndirectInputEvents = YES;
				INFOPLIST_KEY_UILaunchScreen_Generation = YES;
				INFOPLIST_KEY_UIRequiresFullScreen = YES;
				INFOPLIST_KEY_UISupportedInterfaceOrientations_iPhone = "UIInterfaceOrientationPortrait UIInterfaceOrientationLandscapeLeft UIInterfaceOrientationLandscapeRight UIInterfaceOrientationPortraitUpsideDown";
				LD_RUNPATH_SEARCH_PATHS = (
					"$(inherited)",
					"@executable_path/Frameworks",
				);
				PRODUCT_BUNDLE_IDENTIFIER = com.greg.roy.MyPepTracker;
				SDKROOT = iphoneos;
				TARGETED_DEVICE_FAMILY = "1,2";
			};
			name = Release;
		};
		3479E7DD67C708DC6F468205 /* Release */ = {
			isa = XCBuildConfiguration;
			buildSettings = {
				BUNDLE_LOADER = "$(TEST_HOST)";
				GENERATE_INFOPLIST_FILE = YES;
				LD_RUNPATH_SEARCH_PATHS = (
					"$(inherited)",
					"@executable_path/Frameworks",
					"@loader_path/Frameworks",
				);
				PRODUCT_BUNDLE_IDENTIFIER = com.greg.roy.MyPepTrackerTests;
				SDKROOT = iphoneos;
				TARGETED_DEVICE_FAMILY = "1,2";
				TEST_HOST = "$(BUILT_PRODUCTS_DIR)/MyPepTracker.app/MyPepTracker";
			};
			name = Release;
		};
		5DC90C919BBDD9CA7B5CCF18 /* Debug */ = {
			isa = XCBuildConfiguration;
			buildSettings = {
				ASSETCATALOG_COMPILER_APPICON_NAME = AppIcon;
				CODE_SIGN_IDENTITY = "iPhone Developer";
				GENERATE_INFOPLIST_FILE = YES;
				INFOPLIST_KEY_CFBundleDisplayName = MyPepTracker;
				INFOPLIST_KEY_UIApplicationSceneManifest_Generation = YES;
				INFOPLIST_KEY_UIApplicationSupportsIndirectInputEvents = YES;
				INFOPLIST_KEY_UILaunchScreen_Generation = YES;
				INFOPLIST_KEY_UIRequiresFullScreen = YES;
				INFOPLIST_KEY_UISupportedInterfaceOrientations_iPhone = "UIInterfaceOrientationPortrait UIInterfaceOrientationLandscapeLeft UIInterfaceOrientationLandscapeRight UIInterfaceOrientationPortraitUpsideDown";
				LD_RUNPATH_SEARCH_PATHS = (
					"$(inherited)",
					"@executable_path/Frameworks",
				);
				PRODUCT_BUNDLE_IDENTIFIER = com.greg.roy.MyPepTracker;
				SDKROOT = iphoneos;
				TARGETED_DEVICE_FAMILY = "1,2";
			};
			name = Debug;
		};
		8D21C3B3C3E20A3DCF024B52 /* Debug */ = {
			isa = XCBuildConfiguration;
			buildSettings = {
				BUNDLE_LOADER = "$(TEST_HOST)";
				GENERATE_INFOPLIST_FILE = YES;
				LD_RUNPATH_SEARCH_PATHS = (
					"$(inherited)",
					"@executable_path/Frameworks",
					"@loader_path/Frameworks",
				);
				PRODUCT_BUNDLE_IDENTIFIER = com.greg.roy.MyPepTrackerTests;
				SDKROOT = iphoneos;
				TARGETED_DEVICE_FAMILY = "1,2";
				TEST_HOST = "$(BUILT_PRODUCTS_DIR)/MyPepTracker.app/MyPepTracker";
			};
			name = Debug;
		};
		8E22DC98AF439D231E310A9B /* Debug */ = {
			isa = XCBuildConfiguration;
			buildSettings = {
				ALWAYS_SEARCH_USER_PATHS = NO;
				CLANG_ANALYZER_NONNULL = YES;
				CLANG_ANALYZER_NUMBER_OBJECT_CONVERSION = YES_AGGRESSIVE;
				CLANG_CXX_LANGUAGE_STANDARD = "gnu++14";
				CLANG_CXX_LIBRARY = "libc++";
				CLANG_ENABLE_MODULES = YES;
				CLANG_ENABLE_OBJC_ARC = YES;
				CLANG_ENABLE_OBJC_WEAK = YES;
				CLANG_WARN_BLOCK_CAPTURE_AUTORELEASING = YES;
				CLANG_WARN_BOOL_CONVERSION = YES;
				CLANG_WARN_COMMA = YES;
				CLANG_WARN_CONSTANT_CONVERSION = YES;
				CLANG_WARN_DEPRECATED_OBJC_IMPLEMENTATIONS = YES;
				CLANG_WARN_DIRECT_OBJC_ISA_USAGE = YES_ERROR;
				CLANG_WARN_DOCUMENTATION_COMMENTS = YES;
				CLANG_WARN_EMPTY_BODY = YES;
				CLANG_WARN_ENUM_CONVERSION = YES;
				CLANG_WARN_INFINITE_RECURSION = YES;
				CLANG_WARN_INT_CONVERSION = YES;
				CLANG_WARN_NON_LITERAL_NULL_CONVERSION = YES;
				CLANG_WARN_OBJC_IMPLICIT_RETAIN_SELF = YES;
				CLANG_WARN_OBJC_LITERAL_CONVERSION = YES;
				CLANG_WARN_OBJC_ROOT_CLASS = YES_ERROR;
				CLANG_WARN_QUOTED_INCLUDE_IN_FRAMEWORK_HEADER = YES;
				CLANG_WARN_RANGE_LOOP_ANALYSIS = YES;
				CLANG_WARN_STRICT_PROTOTYPES = YES;
				CLANG_WARN_SUSPICIOUS_MOVE = YES;
				CLANG_WARN_UNGUARDED_AVAILABILITY = YES_AGGRESSIVE;
				CLANG_WARN_UNREACHABLE_CODE = YES;
				CLANG_WARN__DUPLICATE_METHOD_MATCH = YES;
				COPY_PHASE_STRIP = NO;
				DEBUG_INFORMATION_FORMAT = dwarf;
				DEVELOPMENT_TEAM = "";
				ENABLE_STRICT_OBJC_MSGSEND = YES;
				ENABLE_TESTABILITY = YES;
				GCC_C_LANGUAGE_STANDARD = gnu11;
				GCC_DYNAMIC_NO_PIC = NO;
				GCC_NO_COMMON_BLOCKS = YES;
				GCC_OPTIMIZATION_LEVEL = 0;
				GCC_PREPROCESSOR_DEFINITIONS = (
					"$(inherited)",
					"DEBUG=1",
				);
				GCC_WARN_64_TO_32_BIT_CONVERSION = YES;
				GCC_WARN_ABOUT_RETURN_TYPE = YES_ERROR;
				GCC_WARN_UNDECLARED_SELECTOR = YES;
				GCC_WARN_UNINITIALIZED_AUTOS = YES_AGGRESSIVE;
				GCC_WARN_UNUSED_FUNCTION = YES;
				GCC_WARN_UNUSED_VARIABLE = YES;
				IPHONEOS_DEPLOYMENT_TARGET = 17.0;
				MTL_ENABLE_DEBUG_INFO = INCLUDE_SOURCE;
				MTL_FAST_MATH = YES;
				ONLY_ACTIVE_ARCH = YES;
				PRODUCT_NAME = "$(TARGET_NAME)";
				SDKROOT = iphoneos;
				SUPPORTED_PLATFORMS = "iphonesimulator iphoneos";
				SWIFT_ACTIVE_COMPILATION_CONDITIONS = DEBUG;
				SWIFT_OPTIMIZATION_LEVEL = "-Onone";
				SWIFT_VERSION = 6.0;
			};
			name = Debug;
		};
		AE1235EB745D9C0332322D32 /* Release */ = {
			isa = XCBuildConfiguration;
			buildSettings = {
				ALWAYS_SEARCH_USER_PATHS = NO;
				CLANG_ANALYZER_NONNULL = YES;
				CLANG_ANALYZER_NUMBER_OBJECT_CONVERSION = YES_AGGRESSIVE;
				CLANG_CXX_LANGUAGE_STANDARD = "gnu++14";
				CLANG_CXX_LIBRARY = "libc++";
				CLANG_ENABLE_MODULES = YES;
				CLANG_ENABLE_OBJC_ARC = YES;
				CLANG_ENABLE_OBJC_WEAK = YES;
				CLANG_WARN_BLOCK_CAPTURE_AUTORELEASING = YES;
				CLANG_WARN_BOOL_CONVERSION = YES;
				CLANG_WARN_COMMA = YES;
				CLANG_WARN_CONSTANT_CONVERSION = YES;
				CLANG_WARN_DEPRECATED_OBJC_IMPLEMENTATIONS = YES;
				CLANG_WARN_DIRECT_OBJC_ISA_USAGE = YES_ERROR;
				CLANG_WARN_DOCUMENTATION_COMMENTS = YES;
				CLANG_WARN_EMPTY_BODY = YES;
				CLANG_WARN_ENUM_CONVERSION = YES;
				CLANG_WARN_INFINITE_RECURSION = YES;
				CLANG_WARN_INT_CONVERSION = YES;
				CLANG_WARN_NON_LITERAL_NULL_CONVERSION = YES;
				CLANG_WARN_OBJC_IMPLICIT_RETAIN_SELF = YES;
				CLANG_WARN_OBJC_LITERAL_CONVERSION = YES;
				CLANG_WARN_OBJC_ROOT_CLASS = YES_ERROR;
				CLANG_WARN_QUOTED_INCLUDE_IN_FRAMEWORK_HEADER = YES;
				CLANG_WARN_RANGE_LOOP_ANALYSIS = YES;
				CLANG_WARN_STRICT_PROTOTYPES = YES;
				CLANG_WARN_SUSPICIOUS_MOVE = YES;
				CLANG_WARN_UNGUARDED_AVAILABILITY = YES_AGGRESSIVE;
				CLANG_WARN_UNREACHABLE_CODE = YES;
				CLANG_WARN__DUPLICATE_METHOD_MATCH = YES;
				COPY_PHASE_STRIP = NO;
				DEBUG_INFORMATION_FORMAT = "dwarf-with-dsym";
				DEVELOPMENT_TEAM = "";
				ENABLE_NS_ASSERTIONS = NO;
				ENABLE_STRICT_OBJC_MSGSEND = YES;
				GCC_C_LANGUAGE_STANDARD = gnu11;
				GCC_NO_COMMON_BLOCKS = YES;
				GCC_WARN_64_TO_32_BIT_CONVERSION = YES;
				GCC_WARN_ABOUT_RETURN_TYPE = YES_ERROR;
				GCC_WARN_UNDECLARED_SELECTOR = YES;
				GCC_WARN_UNINITIALIZED_AUTOS = YES_AGGRESSIVE;
				GCC_WARN_UNUSED_FUNCTION = YES;
				GCC_WARN_UNUSED_VARIABLE = YES;
				IPHONEOS_DEPLOYMENT_TARGET = 17.0;
				MTL_ENABLE_DEBUG_INFO = NO;
				MTL_FAST_MATH = YES;
				PRODUCT_NAME = "$(TARGET_NAME)";
				SDKROOT = iphoneos;
				SUPPORTED_PLATFORMS = "iphonesimulator iphoneos";
				SWIFT_COMPILATION_MODE = wholemodule;
				SWIFT_OPTIMIZATION_LEVEL = "-O";
				SWIFT_VERSION = 6.0;
			};
			name = Release;
		};
/* End XCBuildConfiguration section */

/* Begin XCConfigurationList section */
		00218351E8AED6830C885CD5 /* Build configuration list for PBXProject "MyPepTracker" */ = {
			isa = XCConfigurationList;
			buildConfigurations = (
				8E22DC98AF439D231E310A9B /* Debug */,
				AE1235EB745D9C0332322D32 /* Release */,
			);
			defaultConfigurationIsVisible = 0;
			defaultConfigurationName = Debug;
		};
		8E205F4EE72E52DAFBCD9E4D /* Build configuration list for PBXNativeTarget "MyPepTracker" */ = {
			isa = XCConfigurationList;
			buildConfigurations = (
				5DC90C919BBDD9CA7B5CCF18 /* Debug */,
				292CADF7B776C614F75EA116 /* Release */,
			);
			defaultConfigurationIsVisible = 0;
			defaultConfigurationName = Debug;
		};
		DF175D83C2933ACC8D14966B /* Build configuration list for PBXNativeTarget "MyPepTrackerTests" */ = {
			isa = XCConfigurationList;
			buildConfigurations = (
				8D21C3B3C3E20A3DCF024B52 /* Debug */,
				3479E7DD67C708DC6F468205 /* Release */,
			);
			defaultConfigurationIsVisible = 0;
			defaultConfigurationName = Debug;
		};
/* End XCConfigurationList section */
	};
	rootObject = A5E681A79C578A461902004A /* Project object */;
}
